
Microsoft Visual Studio Solution File, Format Version 12.00
# Visual Studio Version 17
VisualStudioVersion = 17.6.33815.320
MinimumVisualStudioVersion = 10.0.40219.1
Project("{9A19103F-16F7-4668-BE54-9A1E7A4F7556}") = "MathGame.jabescript", "MathGame.jabescript.csproj", "{F9C85D74-EC55-4DF4-A772-9A0B5A4E638D}"
EndProject
Global
	GlobalSection(SolutionConfigurationPlatforms) = preSolution
		Debug|Any CPU = Debug|Any CPU
		Release|Any CPU = Release|Any CPU
	EndGlobalSection
	GlobalSection(ProjectConfigurationPlatforms) = postSolution
		{F9C85D74-EC55-4DF4-A772-9A0B5A4E638D}.Debug|Any CPU.ActiveCfg = Debug|Any CPU
		{F9C85D74-EC55-4DF4-A772-9A0B5A4E638D}.Debug|Any CPU.Build.0 = Debug|Any CPU
		{F9C85D74-EC55-4DF4-A772-9A0B5A4E638D}.Release|Any CPU.ActiveCfg = Release|Any CPU
		{F9C85D74-EC55-4DF4-A772-9A0B5A4E638D}.Release|Any CPU.Build.0 = Release|Any CPU
	EndGlobalSection
	GlobalSection(SolutionProperties) = preSolution
		HideSolutionNode = FALSE
	EndGlobalSection
	GlobalSection(ExtensibilityGlobals) = postSolution
		SolutionGuid = {20B27564-33A4-43F9-AB3E-87664D147AFB}
	EndGlobalSection
EndGlobal
